// !$*UTF8*$!
{
	archiveVersion = 1;
	classes = {
	};
	objectVersion = 56;
	objects = {

/* Begin PBXBuildFile section */
		020F1BE32AE1FB3900B73DA4 /* QApp.swift in Sources */ = {isa = PBXBuildFile; fileRef = 020F1BE22AE1FB3900B73DA4 /* QApp.swift */; };
		020F1BE52AE1FB3900B73DA4 /* ContentView.swift in Sources */ = {isa = PBXBuildFile; fileRef = 020F1BE42AE1FB3900B73DA4 /* ContentView.swift */; };
		020F1BE72AE1FB3C00B73DA4 /* Assets.xcassets in Resources */ = {isa = PBXBuildFile; fileRef = 020F1BE62AE1FB3C00B73DA4 /* Assets.xcassets */; };
		020F1BEA2AE1FB3C00B73DA4 /* Preview Assets.xcassets in Resources */ = {isa = PBXBuildFile; fileRef = 020F1BE92AE1FB3C00B73DA4 /* Preview Assets.xcassets */; };
		020F1C2C2AE1FD2400B73DA4 /* UserService.swift in Sources */ = {isa = PBXBuildFile; fileRef = 020F1C2B2AE1FD2400B73DA4 /* UserService.swift */; };
		020F1C2F2AE1FD8000B73DA4 /* AuthViewModel.swift in Sources */ = {isa = PBXBuildFile; fileRef = 020F1C2E2AE1FD8000B73DA4 /* AuthViewModel.swift */; };
		020F1C342AE1FE1500B73DA4 /* Constants.swift in Sources */ = {isa = PBXBuildFile; fileRef = 020F1C332AE1FE1500B73DA4 /* Constants.swift */; };
		020F1C372AE1FE4700B73DA4 /* User.swift in Sources */ = {isa = PBXBuildFile; fileRef = 020F1C362AE1FE4700B73DA4 /* User.swift */; };
		020F1C392AE1FFF200B73DA4 /* Tweet.swift in Sources */ = {isa = PBXBuildFile; fileRef = 020F1C382AE1FFF200B73DA4 /* Tweet.swift */; };
		020F1C3B2AE2000900B73DA4 /* Message.swift in Sources */ = {isa = PBXBuildFile; fileRef = 020F1C3A2AE2000900B73DA4 /* Message.swift */; };
		020F1C3D2AE2011D00B73DA4 /* Notifications.swift in Sources */ = {isa = PBXBuildFile; fileRef = 020F1C3C2AE2011D00B73DA4 /* Notifications.swift */; };
		020F1C422AE2A98800B73DA4 /* ProfileViewModel.swift in Sources */ = {isa = PBXBuildFile; fileRef = 020F1C412AE2A98800B73DA4 /* ProfileViewModel.swift */; };
		020F1C442AE2A9AE00B73DA4 /* EditProfileViewModel.swift in Sources */ = {isa = PBXBuildFile; fileRef = 020F1C432AE2A9AE00B73DA4 /* EditProfileViewModel.swift */; };
		020F1C462AE2A9D300B73DA4 /* NotificationsViewModel.swift in Sources */ = {isa = PBXBuildFile; fileRef = 020F1C452AE2A9D300B73DA4 /* NotificationsViewModel.swift */; };
		020F1C482AE2A9F600B73DA4 /* SearchViewModel.swift in Sources */ = {isa = PBXBuildFile; fileRef = 020F1C472AE2A9F600B73DA4 /* SearchViewModel.swift */; };
		020F1C4A2AE2AA3500B73DA4 /* FeedViewModel.swift in Sources */ = {isa = PBXBuildFile; fileRef = 020F1C492AE2AA3500B73DA4 /* FeedViewModel.swift */; };
		020F1C4C2AE2AAD400B73DA4 /* SideMenuViewModel.swift in Sources */ = {isa = PBXBuildFile; fileRef = 020F1C4B2AE2AAD400B73DA4 /* SideMenuViewModel.swift */; };
		020F1C4F2AE2AB0F00B73DA4 /* TweetActionViewModel.swift in Sources */ = {isa = PBXBuildFile; fileRef = 020F1C4E2AE2AB0F00B73DA4 /* TweetActionViewModel.swift */; };
		020F1C512AE2AB3400B73DA4 /* UploadTweetViewModel.swift in Sources */ = {isa = PBXBuildFile; fileRef = 020F1C502AE2AB3400B73DA4 /* UploadTweetViewModel.swift */; };
		020F1C542AE2AB5E00B73DA4 /* ConversationsViewModel.swift in Sources */ = {isa = PBXBuildFile; fileRef = 020F1C532AE2AB5E00B73DA4 /* ConversationsViewModel.swift */; };
		020F1C562AE2AB7300B73DA4 /* ChatViewModel.swift in Sources */ = {isa = PBXBuildFile; fileRef = 020F1C552AE2AB7300B73DA4 /* ChatViewModel.swift */; };
		020F1C592AE2ABDD00B73DA4 /* UserProfileView.swift in Sources */ = {isa = PBXBuildFile; fileRef = 020F1C582AE2ABDD00B73DA4 /* UserProfileView.swift */; };
		020F1C5B2AE2AC0C00B73DA4 /* ProfileHeaderView.swift in Sources */ = {isa = PBXBuildFile; fileRef = 020F1C5A2AE2AC0C00B73DA4 /* ProfileHeaderView.swift */; };
		020F1C5D2AE2AC2A00B73DA4 /* ProfileActionButtonView.swift in Sources */ = {isa = PBXBuildFile; fileRef = 020F1C5C2AE2AC2A00B73DA4 /* ProfileActionButtonView.swift */; };
		020F1C5F2AE2AC4A00B73DA4 /* FilterButttonView.swift in Sources */ = {isa = PBXBuildFile; fileRef = 020F1C5E2AE2AC4A00B73DA4 /* FilterButttonView.swift */; };
		020F1C622AE2AD0E00B73DA4 /* EditProfileView.swift in Sources */ = {isa = PBXBuildFile; fileRef = 020F1C612AE2AD0E00B73DA4 /* EditProfileView.swift */; };
		020F1C652AE2AD6000B73DA4 /* ConversationsView.swift in Sources */ = {isa = PBXBuildFile; fileRef = 020F1C642AE2AD6000B73DA4 /* ConversationsView.swift */; };
		020F1C672AE2AD7C00B73DA4 /* ConversationCell.swift in Sources */ = {isa = PBXBuildFile; fileRef = 020F1C662AE2AD7C00B73DA4 /* ConversationCell.swift */; };
		020F1C692AE2AD9200B73DA4 /* MessageInputView.swift in Sources */ = {isa = PBXBuildFile; fileRef = 020F1C682AE2AD9200B73DA4 /* MessageInputView.swift */; };
		020F1C6B2AE2ADAA00B73DA4 /* ChatView.swift in Sources */ = {isa = PBXBuildFile; fileRef = 020F1C6A2AE2ADAA00B73DA4 /* ChatView.swift */; };
		020F1C6D2AE2ADCB00B73DA4 /* ChatBubble.swift in Sources */ = {isa = PBXBuildFile; fileRef = 020F1C6C2AE2ADCB00B73DA4 /* ChatBubble.swift */; };
		020F1C6F2AE2AE3100B73DA4 /* MessageView.swift in Sources */ = {isa = PBXBuildFile; fileRef = 020F1C6E2AE2AE3100B73DA4 /* MessageView.swift */; };
		020F1C712AE2AE5100B73DA4 /* NewMessageView.swift in Sources */ = {isa = PBXBuildFile; fileRef = 020F1C702AE2AE5100B73DA4 /* NewMessageView.swift */; };
		0253774B2AE2B1D2003F8DDC /* TweetCell.swift in Sources */ = {isa = PBXBuildFile; fileRef = 0253774A2AE2B1D2003F8DDC /* TweetCell.swift */; };
		0253774D2AE2B1EA003F8DDC /* NewTweetView.swift in Sources */ = {isa = PBXBuildFile; fileRef = 0253774C2AE2B1EA003F8DDC /* NewTweetView.swift */; };
		0253774F2AE2B208003F8DDC /* TweetDetailView.swift in Sources */ = {isa = PBXBuildFile; fileRef = 0253774E2AE2B208003F8DDC /* TweetDetailView.swift */; };
		025377512AE2B252003F8DDC /* TweetActionsView.swift in Sources */ = {isa = PBXBuildFile; fileRef = 025377502AE2B252003F8DDC /* TweetActionsView.swift */; };
		025377532AE2B267003F8DDC /* ReplyCell.swift in Sources */ = {isa = PBXBuildFile; fileRef = 025377522AE2B267003F8DDC /* ReplyCell.swift */; };
		025377562AE2B28D003F8DDC /* LoginView.swift in Sources */ = {isa = PBXBuildFile; fileRef = 025377552AE2B28D003F8DDC /* LoginView.swift */; };
		025377582AE2B2DB003F8DDC /* RegistrationView.swift in Sources */ = {isa = PBXBuildFile; fileRef = 025377572AE2B2DB003F8DDC /* RegistrationView.swift */; };
		0253775B2AE2B308003F8DDC /* UserCell.swift in Sources */ = {isa = PBXBuildFile; fileRef = 0253775A2AE2B308003F8DDC /* UserCell.swift */; };
		0253775D2AE2B320003F8DDC /* SearchBar.swift in Sources */ = {isa = PBXBuildFile; fileRef = 0253775C2AE2B320003F8DDC /* SearchBar.swift */; };
		0253775F2AE2B346003F8DDC /* SearchView.swift in Sources */ = {isa = PBXBuildFile; fileRef = 0253775E2AE2B346003F8DDC /* SearchView.swift */; };
		025377622AE2B3B8003F8DDC /* FeedView.swift in Sources */ = {isa = PBXBuildFile; fileRef = 025377612AE2B3B8003F8DDC /* FeedView.swift */; };
		025377652AE2B3E0003F8DDC /* MainTabView.swift in Sources */ = {isa = PBXBuildFile; fileRef = 025377642AE2B3E0003F8DDC /* MainTabView.swift */; };
		0253776A2AE2B456003F8DDC /* NotificationsView.swift in Sources */ = {isa = PBXBuildFile; fileRef = 025377692AE2B456003F8DDC /* NotificationsView.swift */; };
		0253776C2AE2B479003F8DDC /* NotificationsTweetView.swift in Sources */ = {isa = PBXBuildFile; fileRef = 0253776B2AE2B479003F8DDC /* NotificationsTweetView.swift */; };
		0253776E2AE2B48F003F8DDC /* NotificationCell.swift in Sources */ = {isa = PBXBuildFile; fileRef = 0253776D2AE2B48F003F8DDC /* NotificationCell.swift */; };
		025377712AE2B58B003F8DDC /* SideMenuView.swift in Sources */ = {isa = PBXBuildFile; fileRef = 025377702AE2B58B003F8DDC /* SideMenuView.swift */; };
		025377732AE2B5B0003F8DDC /* SideMenuOptionView.swift in Sources */ = {isa = PBXBuildFile; fileRef = 025377722AE2B5B0003F8DDC /* SideMenuOptionView.swift */; };
		025377752AE2B5C9003F8DDC /* SideMenuHeaderView.swift in Sources */ = {isa = PBXBuildFile; fileRef = 025377742AE2B5C9003F8DDC /* SideMenuHeaderView.swift */; };
		0253777A2AE2B709003F8DDC /* TextArea.swift in Sources */ = {isa = PBXBuildFile; fileRef = 025377792AE2B709003F8DDC /* TextArea.swift */; };
		0253777C2AE2B72D003F8DDC /* ImagePicker.swift in Sources */ = {isa = PBXBuildFile; fileRef = 0253777B2AE2B72D003F8DDC /* ImagePicker.swift */; };
		0253777E2AE2B74B003F8DDC /* CustomTextField.swift in Sources */ = {isa = PBXBuildFile; fileRef = 0253777D2AE2B74B003F8DDC /* CustomTextField.swift */; };
		025377802AE2B766003F8DDC /* CustomSecureField.swift in Sources */ = {isa = PBXBuildFile; fileRef = 0253777F2AE2B766003F8DDC /* CustomSecureField.swift */; };
		025377822AE2B782003F8DDC /* LazyView.swift in Sources */ = {isa = PBXBuildFile; fileRef = 025377812AE2B782003F8DDC /* LazyView.swift */; };
		025377842AE2BC2D003F8DDC /* GoogleService-Info.plist in Resources */ = {isa = PBXBuildFile; fileRef = 025377832AE2BC2D003F8DDC /* GoogleService-Info.plist */; };
		025377872AE2BC6F003F8DDC /* FirebaseAnalytics in Frameworks */ = {isa = PBXBuildFile; productRef = 025377862AE2BC6F003F8DDC /* FirebaseAnalytics */; };
		025377892AE2BC6F003F8DDC /* FirebaseAnalyticsOnDeviceConversion in Frameworks */ = {isa = PBXBuildFile; productRef = 025377882AE2BC6F003F8DDC /* FirebaseAnalyticsOnDeviceConversion */; };
		0253778B2AE2BC6F003F8DDC /* FirebaseAnalyticsSwift in Frameworks */ = {isa = PBXBuildFile; productRef = 0253778A2AE2BC6F003F8DDC /* FirebaseAnalyticsSwift */; };
		0253778D2AE2BC6F003F8DDC /* FirebaseAnalyticsWithoutAdIdSupport in Frameworks */ = {isa = PBXBuildFile; productRef = 0253778C2AE2BC6F003F8DDC /* FirebaseAnalyticsWithoutAdIdSupport */; };
		0253778F2AE2BC6F003F8DDC /* FirebaseAppCheck in Frameworks */ = {isa = PBXBuildFile; productRef = 0253778E2AE2BC6F003F8DDC /* FirebaseAppCheck */; };
		025377912AE2BC6F003F8DDC /* FirebaseAppDistribution-Beta in Frameworks */ = {isa = PBXBuildFile; productRef = 025377902AE2BC6F003F8DDC /* FirebaseAppDistribution-Beta */; };
		025377932AE2BC6F003F8DDC /* FirebaseAuth in Frameworks */ = {isa = PBXBuildFile; productRef = 025377922AE2BC6F003F8DDC /* FirebaseAuth */; };
		025377952AE2BC6F003F8DDC /* FirebaseAuthCombine-Community in Frameworks */ = {isa = PBXBuildFile; productRef = 025377942AE2BC6F003F8DDC /* FirebaseAuthCombine-Community */; };
		025377972AE2BC6F003F8DDC /* FirebaseCrashlytics in Frameworks */ = {isa = PBXBuildFile; productRef = 025377962AE2BC6F003F8DDC /* FirebaseCrashlytics */; };
		025377992AE2BC6F003F8DDC /* FirebaseDatabase in Frameworks */ = {isa = PBXBuildFile; productRef = 025377982AE2BC6F003F8DDC /* FirebaseDatabase */; };
		0253779B2AE2BC6F003F8DDC /* FirebaseDatabaseSwift in Frameworks */ = {isa = PBXBuildFile; productRef = 0253779A2AE2BC6F003F8DDC /* FirebaseDatabaseSwift */; };
		0253779D2AE2BC6F003F8DDC /* FirebaseDynamicLinks in Frameworks */ = {isa = PBXBuildFile; productRef = 0253779C2AE2BC6F003F8DDC /* FirebaseDynamicLinks */; };
		0253779F2AE2BC6F003F8DDC /* FirebaseFirestore in Frameworks */ = {isa = PBXBuildFile; productRef = 0253779E2AE2BC6F003F8DDC /* FirebaseFirestore */; };
		025377A12AE2BC6F003F8DDC /* FirebaseFirestoreCombine-Community in Frameworks */ = {isa = PBXBuildFile; productRef = 025377A02AE2BC6F003F8DDC /* FirebaseFirestoreCombine-Community */; };
		025377A32AE2BC6F003F8DDC /* FirebaseFirestoreSwift in Frameworks */ = {isa = PBXBuildFile; productRef = 025377A22AE2BC6F003F8DDC /* FirebaseFirestoreSwift */; };
		025377A52AE2BC6F003F8DDC /* FirebaseFunctions in Frameworks */ = {isa = PBXBuildFile; productRef = 025377A42AE2BC6F003F8DDC /* FirebaseFunctions */; };
		025377A72AE2BC6F003F8DDC /* FirebaseFunctionsCombine-Community in Frameworks */ = {isa = PBXBuildFile; productRef = 025377A62AE2BC6F003F8DDC /* FirebaseFunctionsCombine-Community */; };
		025377A92AE2BC6F003F8DDC /* FirebaseInAppMessaging-Beta in Frameworks */ = {isa = PBXBuildFile; productRef = 025377A82AE2BC6F003F8DDC /* FirebaseInAppMessaging-Beta */; };
		025377AB2AE2BC6F003F8DDC /* FirebaseInAppMessagingSwift-Beta in Frameworks */ = {isa = PBXBuildFile; productRef = 025377AA2AE2BC6F003F8DDC /* FirebaseInAppMessagingSwift-Beta */; };
		025377AD2AE2BC6F003F8DDC /* FirebaseInstallations in Frameworks */ = {isa = PBXBuildFile; productRef = 025377AC2AE2BC6F003F8DDC /* FirebaseInstallations */; };
		025377AF2AE2BC6F003F8DDC /* FirebaseMLModelDownloader in Frameworks */ = {isa = PBXBuildFile; productRef = 025377AE2AE2BC6F003F8DDC /* FirebaseMLModelDownloader */; };
		025377B12AE2BC6F003F8DDC /* FirebaseMessaging in Frameworks */ = {isa = PBXBuildFile; productRef = 025377B02AE2BC6F003F8DDC /* FirebaseMessaging */; };
		025377B32AE2BC6F003F8DDC /* FirebasePerformance in Frameworks */ = {isa = PBXBuildFile; productRef = 025377B22AE2BC6F003F8DDC /* FirebasePerformance */; };
		025377B52AE2BC6F003F8DDC /* FirebaseRemoteConfig in Frameworks */ = {isa = PBXBuildFile; productRef = 025377B42AE2BC6F003F8DDC /* FirebaseRemoteConfig */; };
		025377B72AE2BC6F003F8DDC /* FirebaseRemoteConfigSwift in Frameworks */ = {isa = PBXBuildFile; productRef = 025377B62AE2BC6F003F8DDC /* FirebaseRemoteConfigSwift */; };
		025377B92AE2BC6F003F8DDC /* FirebaseStorage in Frameworks */ = {isa = PBXBuildFile; productRef = 025377B82AE2BC6F003F8DDC /* FirebaseStorage */; };
		025377BB2AE2BC6F003F8DDC /* FirebaseStorageCombine-Community in Frameworks */ = {isa = PBXBuildFile; productRef = 025377BA2AE2BC6F003F8DDC /* FirebaseStorageCombine-Community */; };
/* End PBXBuildFile section */

/* Begin PBXFileReference section */
		020F1BDF2AE1FB3900B73DA4 /* Q.app */ = {isa = PBXFileReference; explicitFileType = wrapper.application; includeInIndex = 0; path = Q.app; sourceTree = BUILT_PRODUCTS_DIR; };
		020F1BE22AE1FB3900B73DA4 /* QApp.swift */ = {isa = PBXFileReference; lastKnownFileType = sourcecode.swift; path = QApp.swift; sourceTree = "<group>"; };
		020F1BE42AE1FB3900B73DA4 /* ContentView.swift */ = {isa = PBXFileReference; lastKnownFileType = sourcecode.swift; path = ContentView.swift; sourceTree = "<group>"; };
		020F1BE62AE1FB3C00B73DA4 /* Assets.xcassets */ = {isa = PBXFileReference; lastKnownFileType = folder.assetcatalog; path = Assets.xcassets; sourceTree = "<group>"; };
		020F1BE92AE1FB3C00B73DA4 /* Preview Assets.xcassets */ = {isa = PBXFileReference; lastKnownFileType = folder.assetcatalog; path = "Preview Assets.xcassets"; sourceTree = "<group>"; };
		020F1C2B2AE1FD2400B73DA4 /* UserService.swift */ = {isa = PBXFileReference; lastKnownFileType = sourcecode.swift; path = UserService.swift; sourceTree = "<group>"; };
		020F1C2E2AE1FD8000B73DA4 /* AuthViewModel.swift */ = {isa = PBXFileReference; lastKnownFileType = sourcecode.swift; path = AuthViewModel.swift; sourceTree = "<group>"; };
		020F1C332AE1FE1500B73DA4 /* Constants.swift */ = {isa = PBXFileReference; lastKnownFileType = sourcecode.swift; path = Constants.swift; sourceTree = "<group>"; };
		020F1C362AE1FE4700B73DA4 /* User.swift */ = {isa = PBXFileReference; lastKnownFileType = sourcecode.swift; path = User.swift; sourceTree = "<group>"; };
		020F1C382AE1FFF200B73DA4 /* Tweet.swift */ = {isa = PBXFileReference; lastKnownFileType = sourcecode.swift; path = Tweet.swift; sourceTree = "<group>"; };
		020F1C3A2AE2000900B73DA4 /* Message.swift */ = {isa = PBXFileReference; lastKnownFileType = sourcecode.swift; path = Message.swift; sourceTree = "<group>"; };
		020F1C3C2AE2011D00B73DA4 /* Notifications.swift */ = {isa = PBXFileReference; lastKnownFileType = sourcecode.swift; path = Notifications.swift; sourceTree = "<group>"; };
		020F1C412AE2A98800B73DA4 /* ProfileViewModel.swift */ = {isa = PBXFileReference; lastKnownFileType = sourcecode.swift; path = ProfileViewModel.swift; sourceTree = "<group>"; };
		020F1C432AE2A9AE00B73DA4 /* EditProfileViewModel.swift */ = {isa = PBXFileReference; lastKnownFileType = sourcecode.swift; path = EditProfileViewModel.swift; sourceTree = "<group>"; };
		020F1C452AE2A9D300B73DA4 /* NotificationsViewModel.swift */ = {isa = PBXFileReference; lastKnownFileType = sourcecode.swift; path = NotificationsViewModel.swift; sourceTree = "<group>"; };
		020F1C472AE2A9F600B73DA4 /* SearchViewModel.swift */ = {isa = PBXFileReference; lastKnownFileType = sourcecode.swift; path = SearchViewModel.swift; sourceTree = "<group>"; };
		020F1C492AE2AA3500B73DA4 /* FeedViewModel.swift */ = {isa = PBXFileReference; lastKnownFileType = sourcecode.swift; path = FeedViewModel.swift; sourceTree = "<group>"; };
		020F1C4B2AE2AAD400B73DA4 /* SideMenuViewModel.swift */ = {isa = PBXFileReference; lastKnownFileType = sourcecode.swift; path = SideMenuViewModel.swift; sourceTree = "<group>"; };
		020F1C4E2AE2AB0F00B73DA4 /* TweetActionViewModel.swift */ = {isa = PBXFileReference; lastKnownFileType = sourcecode.swift; path = TweetActionViewModel.swift; sourceTree = "<group>"; };
		020F1C502AE2AB3400B73DA4 /* UploadTweetViewModel.swift */ = {isa = PBXFileReference; lastKnownFileType = sourcecode.swift; path = UploadTweetViewModel.swift; sourceTree = "<group>"; };
		020F1C532AE2AB5E00B73DA4 /* ConversationsViewModel.swift */ = {isa = PBXFileReference; lastKnownFileType = sourcecode.swift; path = ConversationsViewModel.swift; sourceTree = "<group>"; };
		020F1C552AE2AB7300B73DA4 /* ChatViewModel.swift */ = {isa = PBXFileReference; lastKnownFileType = sourcecode.swift; path = ChatViewModel.swift; sourceTree = "<group>"; };
		020F1C582AE2ABDD00B73DA4 /* UserProfileView.swift */ = {isa = PBXFileReference; lastKnownFileType = sourcecode.swift; path = UserProfileView.swift; sourceTree = "<group>"; };
		020F1C5A2AE2AC0C00B73DA4 /* ProfileHeaderView.swift */ = {isa = PBXFileReference; lastKnownFileType = sourcecode.swift; path = ProfileHeaderView.swift; sourceTree = "<group>"; };
		020F1C5C2AE2AC2A00B73DA4 /* ProfileActionButtonView.swift */ = {isa = PBXFileReference; lastKnownFileType = sourcecode.swift; path = ProfileActionButtonView.swift; sourceTree = "<group>"; };
		020F1C5E2AE2AC4A00B73DA4 /* FilterButttonView.swift */ = {isa = PBXFileReference; lastKnownFileType = sourcecode.swift; path = FilterButttonView.swift; sourceTree = "<group>"; };
		020F1C612AE2AD0E00B73DA4 /* EditProfileView.swift */ = {isa = PBXFileReference; lastKnownFileType = sourcecode.swift; path = EditProfileView.swift; sourceTree = "<group>"; };
		020F1C642AE2AD6000B73DA4 /* ConversationsView.swift */ = {isa = PBXFileReference; lastKnownFileType = sourcecode.swift; path = ConversationsView.swift; sourceTree = "<group>"; };
		020F1C662AE2AD7C00B73DA4 /* ConversationCell.swift */ = {isa = PBXFileReference; lastKnownFileType = sourcecode.swift; path = ConversationCell.swift; sourceTree = "<group>"; };
		020F1C682AE2AD9200B73DA4 /* MessageInputView.swift */ = {isa = PBXFileReference; lastKnownFileType = sourcecode.swift; path = MessageInputView.swift; sourceTree = "<group>"; };
		020F1C6A2AE2ADAA00B73DA4 /* ChatView.swift */ = {isa = PBXFileReference; lastKnownFileType = sourcecode.swift; path = ChatView.swift; sourceTree = "<group>"; };
		020F1C6C2AE2ADCB00B73DA4 /* ChatBubble.swift */ = {isa = PBXFileReference; lastKnownFileType = sourcecode.swift; path = ChatBubble.swift; sourceTree = "<group>"; };
		020F1C6E2AE2AE3100B73DA4 /* MessageView.swift */ = {isa = PBXFileReference; lastKnownFileType = sourcecode.swift; path = MessageView.swift; sourceTree = "<group>"; };
		020F1C702AE2AE5100B73DA4 /* NewMessageView.swift */ = {isa = PBXFileReference; lastKnownFileType = sourcecode.swift; path = NewMessageView.swift; sourceTree = "<group>"; };
		0253774A2AE2B1D2003F8DDC /* TweetCell.swift */ = {isa = PBXFileReference; lastKnownFileType = sourcecode.swift; path = TweetCell.swift; sourceTree = "<group>"; };
		0253774C2AE2B1EA003F8DDC /* NewTweetView.swift */ = {isa = PBXFileReference; lastKnownFileType = sourcecode.swift; path = NewTweetView.swift; sourceTree = "<group>"; };
		0253774E2AE2B208003F8DDC /* TweetDetailView.swift */ = {isa = PBXFileReference; lastKnownFileType = sourcecode.swift; path = TweetDetailView.swift; sourceTree = "<group>"; };
		025377502AE2B252003F8DDC /* TweetActionsView.swift */ = {isa = PBXFileReference; lastKnownFileType = sourcecode.swift; path = TweetActionsView.swift; sourceTree = "<group>"; };
		025377522AE2B267003F8DDC /* ReplyCell.swift */ = {isa = PBXFileReference; lastKnownFileType = sourcecode.swift; path = ReplyCell.swift; sourceTree = "<group>"; };
		025377552AE2B28D003F8DDC /* LoginView.swift */ = {isa = PBXFileReference; lastKnownFileType = sourcecode.swift; path = LoginView.swift; sourceTree = "<group>"; };
		025377572AE2B2DB003F8DDC /* RegistrationView.swift */ = {isa = PBXFileReference; lastKnownFileType = sourcecode.swift; path = RegistrationView.swift; sourceTree = "<group>"; };
		0253775A2AE2B308003F8DDC /* UserCell.swift */ = {isa = PBXFileReference; lastKnownFileType = sourcecode.swift; path = UserCell.swift; sourceTree = "<group>"; };
		0253775C2AE2B320003F8DDC /* SearchBar.swift */ = {isa = PBXFileReference; lastKnownFileType = sourcecode.swift; path = SearchBar.swift; sourceTree = "<group>"; };
		0253775E2AE2B346003F8DDC /* SearchView.swift */ = {isa = PBXFileReference; lastKnownFileType = sourcecode.swift; path = SearchView.swift; sourceTree = "<group>"; };
		025377612AE2B3B8003F8DDC /* FeedView.swift */ = {isa = PBXFileReference; lastKnownFileType = sourcecode.swift; path = FeedView.swift; sourceTree = "<group>"; };
		025377642AE2B3E0003F8DDC /* MainTabView.swift */ = {isa = PBXFileReference; lastKnownFileType = sourcecode.swift; path = MainTabView.swift; sourceTree = "<group>"; };
		025377692AE2B456003F8DDC /* NotificationsView.swift */ = {isa = PBXFileReference; lastKnownFileType = sourcecode.swift; path = NotificationsView.swift; sourceTree = "<group>"; };
		0253776B2AE2B479003F8DDC /* NotificationsTweetView.swift */ = {isa = PBXFileReference; lastKnownFileType = sourcecode.swift; path = NotificationsTweetView.swift; sourceTree = "<group>"; };
		0253776D2AE2B48F003F8DDC /* NotificationCell.swift */ = {isa = PBXFileReference; lastKnownFileType = sourcecode.swift; path = NotificationCell.swift; sourceTree = "<group>"; };
		025377702AE2B58B003F8DDC /* SideMenuView.swift */ = {isa = PBXFileReference; lastKnownFileType = sourcecode.swift; path = SideMenuView.swift; sourceTree = "<group>"; };
		025377722AE2B5B0003F8DDC /* SideMenuOptionView.swift */ = {isa = PBXFileReference; lastKnownFileType = sourcecode.swift; path = SideMenuOptionView.swift; sourceTree = "<group>"; };
		025377742AE2B5C9003F8DDC /* SideMenuHeaderView.swift */ = {isa = PBXFileReference; lastKnownFileType = sourcecode.swift; path = SideMenuHeaderView.swift; sourceTree = "<group>"; };
		025377792AE2B709003F8DDC /* TextArea.swift */ = {isa = PBXFileReference; lastKnownFileType = sourcecode.swift; path = TextArea.swift; sourceTree = "<group>"; };
		0253777B2AE2B72D003F8DDC /* ImagePicker.swift */ = {isa = PBXFileReference; lastKnownFileType = sourcecode.swift; path = ImagePicker.swift; sourceTree = "<group>"; };
		0253777D2AE2B74B003F8DDC /* CustomTextField.swift */ = {isa = PBXFileReference; lastKnownFileType = sourcecode.swift; path = CustomTextField.swift; sourceTree = "<group>"; };
		0253777F2AE2B766003F8DDC /* CustomSecureField.swift */ = {isa = PBXFileReference; lastKnownFileType = sourcecode.swift; path = CustomSecureField.swift; sourceTree = "<group>"; };
		025377812AE2B782003F8DDC /* LazyView.swift */ = {isa = PBXFileReference; lastKnownFileType = sourcecode.swift; path = LazyView.swift; sourceTree = "<group>"; };
		025377832AE2BC2D003F8DDC /* GoogleService-Info.plist */ = {isa = PBXFileReference; fileEncoding = 4; lastKnownFileType = text.plist.xml; path = "GoogleService-Info.plist"; sourceTree = "<group>"; };
/* End PBXFileReference section */

/* Begin PBXFrameworksBuildPhase section */
		020F1BDC2AE1FB3900B73DA4 /* Frameworks */ = {
			isa = PBXFrameworksBuildPhase;
			buildActionMask = 2147483647;
			files = (
				025377992AE2BC6F003F8DDC /* FirebaseDatabase in Frameworks */,
				025377A72AE2BC6F003F8DDC /* FirebaseFunctionsCombine-Community in Frameworks */,
				0253779F2AE2BC6F003F8DDC /* FirebaseFirestore in Frameworks */,
				0253778B2AE2BC6F003F8DDC /* FirebaseAnalyticsSwift in Frameworks */,
				025377872AE2BC6F003F8DDC /* FirebaseAnalytics in Frameworks */,
				025377892AE2BC6F003F8DDC /* FirebaseAnalyticsOnDeviceConversion in Frameworks */,
				025377AF2AE2BC6F003F8DDC /* FirebaseMLModelDownloader in Frameworks */,
				025377A32AE2BC6F003F8DDC /* FirebaseFirestoreSwift in Frameworks */,
				0253778F2AE2BC6F003F8DDC /* FirebaseAppCheck in Frameworks */,
				0253778D2AE2BC6F003F8DDC /* FirebaseAnalyticsWithoutAdIdSupport in Frameworks */,
				025377932AE2BC6F003F8DDC /* FirebaseAuth in Frameworks */,
				025377972AE2BC6F003F8DDC /* FirebaseCrashlytics in Frameworks */,
				025377B72AE2BC6F003F8DDC /* FirebaseRemoteConfigSwift in Frameworks */,
				025377A92AE2BC6F003F8DDC /* FirebaseInAppMessaging-Beta in Frameworks */,
				0253779B2AE2BC6F003F8DDC /* FirebaseDatabaseSwift in Frameworks */,
				025377A52AE2BC6F003F8DDC /* FirebaseFunctions in Frameworks */,
				025377BB2AE2BC6F003F8DDC /* FirebaseStorageCombine-Community in Frameworks */,
				025377B52AE2BC6F003F8DDC /* FirebaseRemoteConfig in Frameworks */,
				025377912AE2BC6F003F8DDC /* FirebaseAppDistribution-Beta in Frameworks */,
				025377952AE2BC6F003F8DDC /* FirebaseAuthCombine-Community in Frameworks */,
				025377B32AE2BC6F003F8DDC /* FirebasePerformance in Frameworks */,
				025377AB2AE2BC6F003F8DDC /* FirebaseInAppMessagingSwift-Beta in Frameworks */,
				025377B92AE2BC6F003F8DDC /* FirebaseStorage in Frameworks */,
				0253779D2AE2BC6F003F8DDC /* FirebaseDynamicLinks in Frameworks */,
				025377A12AE2BC6F003F8DDC /* FirebaseFirestoreCombine-Community in Frameworks */,
				025377B12AE2BC6F003F8DDC /* FirebaseMessaging in Frameworks */,
				025377AD2AE2BC6F003F8DDC /* FirebaseInstallations in Frameworks */,
			);
			runOnlyForDeploymentPostprocessing = 0;
		};
/* End PBXFrameworksBuildPhase section */

/* Begin PBXGroup section */
		020F1BD62AE1FB3900B73DA4 = {
			isa = PBXGroup;
			children = (
				020F1BE12AE1FB3900B73DA4 /* Q */,
				020F1BE02AE1FB3900B73DA4 /* Products */,
			);
			sourceTree = "<group>";
		};
		020F1BE02AE1FB3900B73DA4 /* Products */ = {
			isa = PBXGroup;
			children = (
				020F1BDF2AE1FB3900B73DA4 /* Q.app */,
			);
			name = Products;
			sourceTree = "<group>";
		};
		020F1BE12AE1FB3900B73DA4 /* Q */ = {
			isa = PBXGroup;
			children = (
				020F1C352AE1FE3A00B73DA4 /* Model */,
				020F1C322AE1FE0200B73DA4 /* Utils */,
				020F1C3F2AE2021C00B73DA4 /* Views */,
				020F1C2D2AE1FD6400B73DA4 /* ViewModels */,
				020F1BF02AE1FB9B00B73DA4 /* API */,
				020F1BE22AE1FB3900B73DA4 /* QApp.swift */,
				020F1BE62AE1FB3C00B73DA4 /* Assets.xcassets */,
				025377832AE2BC2D003F8DDC /* GoogleService-Info.plist */,
				020F1BE82AE1FB3C00B73DA4 /* Preview Content */,
			);
			path = Q;
			sourceTree = "<group>";
		};
		020F1BE82AE1FB3C00B73DA4 /* Preview Content */ = {
			isa = PBXGroup;
			children = (
				020F1BE92AE1FB3C00B73DA4 /* Preview Assets.xcassets */,
			);
			path = "Preview Content";
			sourceTree = "<group>";
		};
		020F1BF02AE1FB9B00B73DA4 /* API */ = {
			isa = PBXGroup;
			children = (
				020F1C2B2AE1FD2400B73DA4 /* UserService.swift */,
			);
			path = API;
			sourceTree = "<group>";
		};
		020F1C2D2AE1FD6400B73DA4 /* ViewModels */ = {
			isa = PBXGroup;
			children = (
				020F1C522AE2AB4200B73DA4 /* Messages */,
				020F1C4D2AE2AAF900B73DA4 /* Tweets */,
				020F1C402AE2A94400B73DA4 /* Profile */,
				020F1C452AE2A9D300B73DA4 /* NotificationsViewModel.swift */,
				020F1C472AE2A9F600B73DA4 /* SearchViewModel.swift */,
				020F1C492AE2AA3500B73DA4 /* FeedViewModel.swift */,
				020F1C4B2AE2AAD400B73DA4 /* SideMenuViewModel.swift */,
			);
			path = ViewModels;
			sourceTree = "<group>";
		};
		020F1C322AE1FE0200B73DA4 /* Utils */ = {
			isa = PBXGroup;
			children = (
				025377762AE2B6CD003F8DDC /* Views */,
				020F1C332AE1FE1500B73DA4 /* Constants.swift */,
			);
			path = Utils;
			sourceTree = "<group>";
		};
		020F1C352AE1FE3A00B73DA4 /* Model */ = {
			isa = PBXGroup;
			children = (
				020F1C362AE1FE4700B73DA4 /* User.swift */,
				020F1C382AE1FFF200B73DA4 /* Tweet.swift */,
				020F1C3A2AE2000900B73DA4 /* Message.swift */,
				020F1C3C2AE2011D00B73DA4 /* Notifications.swift */,
			);
			path = Model;
			sourceTree = "<group>";
		};
		020F1C3F2AE2021C00B73DA4 /* Views */ = {
			isa = PBXGroup;
			children = (
				0253776F2AE2B565003F8DDC /* SideMenu */,
				025377682AE2B440003F8DDC /* Notifications */,
				025377632AE2B3D0003F8DDC /* Main */,
				025377602AE2B3AC003F8DDC /* Feed */,
				025377592AE2B2FA003F8DDC /* Search */,
				025377542AE2B27F003F8DDC /* Authentication */,
				025377492AE2B1C0003F8DDC /* Tweets */,
				020F1C632AE2AD3C00B73DA4 /* Messages */,
				020F1C572AE2ABBE00B73DA4 /* Profile */,
			);
			path = Views;
			sourceTree = "<group>";
		};
		020F1C402AE2A94400B73DA4 /* Profile */ = {
			isa = PBXGroup;
			children = (
				020F1C2E2AE1FD8000B73DA4 /* AuthViewModel.swift */,
				020F1C412AE2A98800B73DA4 /* ProfileViewModel.swift */,
				020F1C432AE2A9AE00B73DA4 /* EditProfileViewModel.swift */,
			);
			path = Profile;
			sourceTree = "<group>";
		};
		020F1C4D2AE2AAF900B73DA4 /* Tweets */ = {
			isa = PBXGroup;
			children = (
				020F1C4E2AE2AB0F00B73DA4 /* TweetActionViewModel.swift */,
				020F1C502AE2AB3400B73DA4 /* UploadTweetViewModel.swift */,
			);
			path = Tweets;
			sourceTree = "<group>";
		};
		020F1C522AE2AB4200B73DA4 /* Messages */ = {
			isa = PBXGroup;
			children = (
				020F1C532AE2AB5E00B73DA4 /* ConversationsViewModel.swift */,
				020F1C552AE2AB7300B73DA4 /* ChatViewModel.swift */,
			);
			path = Messages;
			sourceTree = "<group>";
		};
		020F1C572AE2ABBE00B73DA4 /* Profile */ = {
			isa = PBXGroup;
			children = (
				020F1C602AE2ACFD00B73DA4 /* EditProfile */,
				020F1C582AE2ABDD00B73DA4 /* UserProfileView.swift */,
				020F1C5A2AE2AC0C00B73DA4 /* ProfileHeaderView.swift */,
				020F1C5C2AE2AC2A00B73DA4 /* ProfileActionButtonView.swift */,
				020F1C5E2AE2AC4A00B73DA4 /* FilterButttonView.swift */,
			);
			path = Profile;
			sourceTree = "<group>";
		};
		020F1C602AE2ACFD00B73DA4 /* EditProfile */ = {
			isa = PBXGroup;
			children = (
				020F1C612AE2AD0E00B73DA4 /* EditProfileView.swift */,
			);
			path = EditProfile;
			sourceTree = "<group>";
		};
		020F1C632AE2AD3C00B73DA4 /* Messages */ = {
			isa = PBXGroup;
			children = (
				020F1C642AE2AD6000B73DA4 /* ConversationsView.swift */,
				020F1C662AE2AD7C00B73DA4 /* ConversationCell.swift */,
				020F1C682AE2AD9200B73DA4 /* MessageInputView.swift */,
				020F1C6A2AE2ADAA00B73DA4 /* ChatView.swift */,
				020F1C6C2AE2ADCB00B73DA4 /* ChatBubble.swift */,
				020F1C6E2AE2AE3100B73DA4 /* MessageView.swift */,
				020F1C702AE2AE5100B73DA4 /* NewMessageView.swift */,
			);
			path = Messages;
			sourceTree = "<group>";
		};
		025377492AE2B1C0003F8DDC /* Tweets */ = {
			isa = PBXGroup;
			children = (
				0253774A2AE2B1D2003F8DDC /* TweetCell.swift */,
				0253774C2AE2B1EA003F8DDC /* NewTweetView.swift */,
				0253774E2AE2B208003F8DDC /* TweetDetailView.swift */,
				025377502AE2B252003F8DDC /* TweetActionsView.swift */,
				025377522AE2B267003F8DDC /* ReplyCell.swift */,
			);
			path = Tweets;
			sourceTree = "<group>";
		};
		025377542AE2B27F003F8DDC /* Authentication */ = {
			isa = PBXGroup;
			children = (
				025377552AE2B28D003F8DDC /* LoginView.swift */,
				025377572AE2B2DB003F8DDC /* RegistrationView.swift */,
			);
			path = Authentication;
			sourceTree = "<group>";
		};
		025377592AE2B2FA003F8DDC /* Search */ = {
			isa = PBXGroup;
			children = (
				0253775A2AE2B308003F8DDC /* UserCell.swift */,
				0253775C2AE2B320003F8DDC /* SearchBar.swift */,
				0253775E2AE2B346003F8DDC /* SearchView.swift */,
			);
			path = Search;
			sourceTree = "<group>";
		};
		025377602AE2B3AC003F8DDC /* Feed */ = {
			isa = PBXGroup;
			children = (
				025377612AE2B3B8003F8DDC /* FeedView.swift */,
			);
			path = Feed;
			sourceTree = "<group>";
		};
		025377632AE2B3D0003F8DDC /* Main */ = {
			isa = PBXGroup;
			children = (
				025377642AE2B3E0003F8DDC /* MainTabView.swift */,
				020F1BE42AE1FB3900B73DA4 /* ContentView.swift */,
			);
			path = Main;
			sourceTree = "<group>";
		};
		025377682AE2B440003F8DDC /* Notifications */ = {
			isa = PBXGroup;
			children = (
				025377692AE2B456003F8DDC /* NotificationsView.swift */,
				0253776B2AE2B479003F8DDC /* NotificationsTweetView.swift */,
				0253776D2AE2B48F003F8DDC /* NotificationCell.swift */,
			);
			path = Notifications;
			sourceTree = "<group>";
		};
		0253776F2AE2B565003F8DDC /* SideMenu */ = {
			isa = PBXGroup;
			children = (
				025377702AE2B58B003F8DDC /* SideMenuView.swift */,
				025377722AE2B5B0003F8DDC /* SideMenuOptionView.swift */,
				025377742AE2B5C9003F8DDC /* SideMenuHeaderView.swift */,
			);
			path = SideMenu;
			sourceTree = "<group>";
		};
		025377762AE2B6CD003F8DDC /* Views */ = {
			isa = PBXGroup;
			children = (
				025377792AE2B709003F8DDC /* TextArea.swift */,
				0253777B2AE2B72D003F8DDC /* ImagePicker.swift */,
				0253777D2AE2B74B003F8DDC /* CustomTextField.swift */,
				0253777F2AE2B766003F8DDC /* CustomSecureField.swift */,
				025377812AE2B782003F8DDC /* LazyView.swift */,
			);
			path = Views;
			sourceTree = "<group>";
		};
/* End PBXGroup section */

/* Begin PBXNativeTarget section */
		020F1BDE2AE1FB3900B73DA4 /* Q */ = {
			isa = PBXNativeTarget;
			buildConfigurationList = 020F1BED2AE1FB3C00B73DA4 /* Build configuration list for PBXNativeTarget "Q" */;
			buildPhases = (
				020F1BDB2AE1FB3900B73DA4 /* Sources */,
				020F1BDC2AE1FB3900B73DA4 /* Frameworks */,
				020F1BDD2AE1FB3900B73DA4 /* Resources */,
			);
			buildRules = (
			);
			dependencies = (
			);
			name = Q;
			packageProductDependencies = (
				025377862AE2BC6F003F8DDC /* FirebaseAnalytics */,
				025377882AE2BC6F003F8DDC /* FirebaseAnalyticsOnDeviceConversion */,
				0253778A2AE2BC6F003F8DDC /* FirebaseAnalyticsSwift */,
				0253778C2AE2BC6F003F8DDC /* FirebaseAnalyticsWithoutAdIdSupport */,
				0253778E2AE2BC6F003F8DDC /* FirebaseAppCheck */,
				025377902AE2BC6F003F8DDC /* FirebaseAppDistribution-Beta */,
				025377922AE2BC6F003F8DDC /* FirebaseAuth */,
				025377942AE2BC6F003F8DDC /* FirebaseAuthCombine-Community */,
				025377962AE2BC6F003F8DDC /* FirebaseCrashlytics */,
				025377982AE2BC6F003F8DDC /* FirebaseDatabase */,
				0253779A2AE2BC6F003F8DDC /* FirebaseDatabaseSwift */,
				0253779C2AE2BC6F003F8DDC /* FirebaseDynamicLinks */,
				0253779E2AE2BC6F003F8DDC /* FirebaseFirestore */,
				025377A02AE2BC6F003F8DDC /* FirebaseFirestoreCombine-Community */,
				025377A22AE2BC6F003F8DDC /* FirebaseFirestoreSwift */,
				025377A42AE2BC6F003F8DDC /* FirebaseFunctions */,
				025377A62AE2BC6F003F8DDC /* FirebaseFunctionsCombine-Community */,
				025377A82AE2BC6F003F8DDC /* FirebaseInAppMessaging-Beta */,
				025377AA2AE2BC6F003F8DDC /* FirebaseInAppMessagingSwift-Beta */,
				025377AC2AE2BC6F003F8DDC /* FirebaseInstallations */,
				025377AE2AE2BC6F003F8DDC /* FirebaseMLModelDownloader */,
				025377B02AE2BC6F003F8DDC /* FirebaseMessaging */,
				025377B22AE2BC6F003F8DDC /* FirebasePerformance */,
				025377B42AE2BC6F003F8DDC /* FirebaseRemoteConfig */,
				025377B62AE2BC6F003F8DDC /* FirebaseRemoteConfigSwift */,
				025377B82AE2BC6F003F8DDC /* FirebaseStorage */,
				025377BA2AE2BC6F003F8DDC /* FirebaseStorageCombine-Community */,
			);
			productName = Q;
			productReference = 020F1BDF2AE1FB3900B73DA4 /* Q.app */;
			productType = "com.apple.product-type.application";
		};
/* End PBXNativeTarget section */

/* Begin PBXProject section */
		020F1BD72AE1FB3900B73DA4 /* Project object */ = {
			isa = PBXProject;
			attributes = {
				BuildIndependentTargetsInParallel = 1;
				LastSwiftUpdateCheck = 1500;
				LastUpgradeCheck = 1500;
				TargetAttributes = {
					020F1BDE2AE1FB3900B73DA4 = {
						CreatedOnToolsVersion = 15.0;
					};
				};
			};
			buildConfigurationList = 020F1BDA2AE1FB3900B73DA4 /* Build configuration list for PBXProject "Q" */;
			compatibilityVersion = "Xcode 14.0";
			developmentRegion = en;
			hasScannedForEncodings = 0;
			knownRegions = (
				en,
				Base,
			);
			mainGroup = 020F1BD62AE1FB3900B73DA4;
			packageReferences = (
				020F1C282AE1FD1500B73DA4 /* XCRemoteSwiftPackageReference "Kingfisher" */,
				025377852AE2BC6F003F8DDC /* XCRemoteSwiftPackageReference "firebase-ios-sdk" */,
			);
			productRefGroup = 020F1BE02AE1FB3900B73DA4 /* Products */;
			projectDirPath = "";
			projectRoot = "";
			targets = (
				020F1BDE2AE1FB3900B73DA4 /* Q */,
			);
		};
/* End PBXProject section */

/* Begin PBXResourcesBuildPhase section */
		020F1BDD2AE1FB3900B73DA4 /* Resources */ = {
			isa = PBXResourcesBuildPhase;
			buildActionMask = 2147483647;
			files = (
				020F1BEA2AE1FB3C00B73DA4 /* Preview Assets.xcassets in Resources */,
				025377842AE2BC2D003F8DDC /* GoogleService-Info.plist in Resources */,
				020F1BE72AE1FB3C00B73DA4 /* Assets.xcassets in Resources */,
			);
			runOnlyForDeploymentPostprocessing = 0;
		};
/* End PBXResourcesBuildPhase section */

/* Begin PBXSourcesBuildPhase section */
		020F1BDB2AE1FB3900B73DA4 /* Sources */ = {
			isa = PBXSourcesBuildPhase;
			buildActionMask = 2147483647;
			files = (
				0253777E2AE2B74B003F8DDC /* CustomTextField.swift in Sources */,
				020F1C4A2AE2AA3500B73DA4 /* FeedViewModel.swift in Sources */,
				020F1C342AE1FE1500B73DA4 /* Constants.swift in Sources */,
				0253776E2AE2B48F003F8DDC /* NotificationCell.swift in Sources */,
				0253777C2AE2B72D003F8DDC /* ImagePicker.swift in Sources */,
				020F1C2F2AE1FD8000B73DA4 /* AuthViewModel.swift in Sources */,
				025377822AE2B782003F8DDC /* LazyView.swift in Sources */,
				0253776A2AE2B456003F8DDC /* NotificationsView.swift in Sources */,
				020F1C712AE2AE5100B73DA4 /* NewMessageView.swift in Sources */,
				020F1C372AE1FE4700B73DA4 /* User.swift in Sources */,
				020F1C6B2AE2ADAA00B73DA4 /* ChatView.swift in Sources */,
				025377802AE2B766003F8DDC /* CustomSecureField.swift in Sources */,
				020F1C3D2AE2011D00B73DA4 /* Notifications.swift in Sources */,
				020F1C422AE2A98800B73DA4 /* ProfileViewModel.swift in Sources */,
				0253777A2AE2B709003F8DDC /* TextArea.swift in Sources */,
				020F1C5B2AE2AC0C00B73DA4 /* ProfileHeaderView.swift in Sources */,
				020F1C482AE2A9F600B73DA4 /* SearchViewModel.swift in Sources */,
				0253775F2AE2B346003F8DDC /* SearchView.swift in Sources */,
				020F1C672AE2AD7C00B73DA4 /* ConversationCell.swift in Sources */,
				020F1C652AE2AD6000B73DA4 /* ConversationsView.swift in Sources */,
				020F1C462AE2A9D300B73DA4 /* NotificationsViewModel.swift in Sources */,
				025377582AE2B2DB003F8DDC /* RegistrationView.swift in Sources */,
				025377732AE2B5B0003F8DDC /* SideMenuOptionView.swift in Sources */,
				0253775B2AE2B308003F8DDC /* UserCell.swift in Sources */,
				025377562AE2B28D003F8DDC /* LoginView.swift in Sources */,
				020F1C4F2AE2AB0F00B73DA4 /* TweetActionViewModel.swift in Sources */,
				025377712AE2B58B003F8DDC /* SideMenuView.swift in Sources */,
				025377752AE2B5C9003F8DDC /* SideMenuHeaderView.swift in Sources */,
				020F1C542AE2AB5E00B73DA4 /* ConversationsViewModel.swift in Sources */,
				020F1C392AE1FFF200B73DA4 /* Tweet.swift in Sources */,
				020F1C562AE2AB7300B73DA4 /* ChatViewModel.swift in Sources */,
				020F1C512AE2AB3400B73DA4 /* UploadTweetViewModel.swift in Sources */,
				020F1BE52AE1FB3900B73DA4 /* ContentView.swift in Sources */,
				0253774D2AE2B1EA003F8DDC /* NewTweetView.swift in Sources */,
				025377512AE2B252003F8DDC /* TweetActionsView.swift in Sources */,
				0253774B2AE2B1D2003F8DDC /* TweetCell.swift in Sources */,
				020F1C692AE2AD9200B73DA4 /* MessageInputView.swift in Sources */,
				020F1C3B2AE2000900B73DA4 /* Message.swift in Sources */,
				025377622AE2B3B8003F8DDC /* FeedView.swift in Sources */,
				020F1C592AE2ABDD00B73DA4 /* UserProfileView.swift in Sources */,
				020F1C5F2AE2AC4A00B73DA4 /* FilterButttonView.swift in Sources */,
				025377532AE2B267003F8DDC /* ReplyCell.swift in Sources */,
				020F1C6D2AE2ADCB00B73DA4 /* ChatBubble.swift in Sources */,
				020F1C622AE2AD0E00B73DA4 /* EditProfileView.swift in Sources */,
				020F1C6F2AE2AE3100B73DA4 /* MessageView.swift in Sources */,
				020F1BE32AE1FB3900B73DA4 /* QApp.swift in Sources */,
				020F1C5D2AE2AC2A00B73DA4 /* ProfileActionButtonView.swift in Sources */,
				0253776C2AE2B479003F8DDC /* NotificationsTweetView.swift in Sources */,
				020F1C442AE2A9AE00B73DA4 /* EditProfileViewModel.swift in Sources */,
				020F1C4C2AE2AAD400B73DA4 /* SideMenuViewModel.swift in Sources */,
				025377652AE2B3E0003F8DDC /* MainTabView.swift in Sources */,
				0253775D2AE2B320003F8DDC /* SearchBar.swift in Sources */,
				020F1C2C2AE1FD2400B73DA4 /* UserService.swift in Sources */,
				0253774F2AE2B208003F8DDC /* TweetDetailView.swift in Sources */,
			);
			runOnlyForDeploymentPostprocessing = 0;
		};
/* End PBXSourcesBuildPhase section */

/* Begin XCBuildConfiguration section */
		020F1BEB2AE1FB3C00B73DA4 /* Debug */ = {
			isa = XCBuildConfiguration;
			buildSettings = {
				ALWAYS_SEARCH_USER_PATHS = NO;
				ASSETCATALOG_COMPILER_GENERATE_SWIFT_ASSET_SYMBOL_EXTENSIONS = YES;
				CLANG_ANALYZER_NONNULL = YES;
				CLANG_ANALYZER_NUMBER_OBJECT_CONVERSION = YES_AGGRESSIVE;
				CLANG_CXX_LANGUAGE_STANDARD = "gnu++20";
				CLANG_ENABLE_MODULES = YES;
				CLANG_ENABLE_OBJC_ARC = YES;
				CLANG_ENABLE_OBJC_WEAK = YES;
				CLANG_WARN_BLOCK_CAPTURE_AUTORELEASING = YES;
				CLANG_WARN_BOOL_CONVERSION = YES;
				CLANG_WARN_COMMA = YES;
				CLANG_WARN_CONSTANT_CONVERSION = YES;
				CLANG_WARN_DEPRECATED_OBJC_IMPLEMENTATIONS = YES;
				CLANG_WARN_DIRECT_OBJC_ISA_USAGE = YES_ERROR;
				CLANG_WARN_DOCUMENTATION_COMMENTS = YES;
				CLANG_WARN_EMPTY_BODY = YES;
				CLANG_WARN_ENUM_CONVERSION = YES;
				CLANG_WARN_INFINITE_RECURSION = YES;
				CLANG_WARN_INT_CONVERSION = YES;
				CLANG_WARN_NON_LITERAL_NULL_CONVERSION = YES;
				CLANG_WARN_OBJC_IMPLICIT_RETAIN_SELF = YES;
				CLANG_WARN_OBJC_LITERAL_CONVERSION = YES;
				CLANG_WARN_OBJC_ROOT_CLASS = YES_ERROR;
				CLANG_WARN_QUOTED_INCLUDE_IN_FRAMEWORK_HEADER = YES;
				CLANG_WARN_RANGE_LOOP_ANALYSIS = YES;
				CLANG_WARN_STRICT_PROTOTYPES = YES;
				CLANG_WARN_SUSPICIOUS_MOVE = YES;
				CLANG_WARN_UNGUARDED_AVAILABILITY = YES_AGGRESSIVE;
				CLANG_WARN_UNREACHABLE_CODE = YES;
				CLANG_WARN__DUPLICATE_METHOD_MATCH = YES;
				COPY_PHASE_STRIP = NO;
				DEBUG_INFORMATION_FORMAT = dwarf;
				ENABLE_STRICT_OBJC_MSGSEND = YES;
				ENABLE_TESTABILITY = YES;
				ENABLE_USER_SCRIPT_SANDBOXING = YES;
				GCC_C_LANGUAGE_STANDARD = gnu17;
				GCC_DYNAMIC_NO_PIC = NO;
				GCC_NO_COMMON_BLOCKS = YES;
				GCC_OPTIMIZATION_LEVEL = 0;
				GCC_PREPROCESSOR_DEFINITIONS = (
					"DEBUG=1",
					"$(inherited)",
				);
				GCC_WARN_64_TO_32_BIT_CONVERSION = YES;
				GCC_WARN_ABOUT_RETURN_TYPE = YES_ERROR;
				GCC_WARN_UNDECLARED_SELECTOR = YES;
				GCC_WARN_UNINITIALIZED_AUTOS = YES_AGGRESSIVE;
				GCC_WARN_UNUSED_FUNCTION = YES;
				GCC_WARN_UNUSED_VARIABLE = YES;
				IPHONEOS_DEPLOYMENT_TARGET = 17.0;
				LOCALIZATION_PREFERS_STRING_CATALOGS = YES;
				MTL_ENABLE_DEBUG_INFO = INCLUDE_SOURCE;
				MTL_FAST_MATH = YES;
				ONLY_ACTIVE_ARCH = YES;
				SDKROOT = iphoneos;
				SWIFT_ACTIVE_COMPILATION_CONDITIONS = "DEBUG $(inherited)";
				SWIFT_OPTIMIZATION_LEVEL = "-Onone";
			};
			name = Debug;
		};
		020F1BEC2AE1FB3C00B73DA4 /* Release */ = {
			isa = XCBuildConfiguration;
			buildSettings = {
				ALWAYS_SEARCH_USER_PATHS = NO;
				ASSETCATALOG_COMPILER_GENERATE_SWIFT_ASSET_SYMBOL_EXTENSIONS = YES;
				CLANG_ANALYZER_NONNULL = YES;
				CLANG_ANALYZER_NUMBER_OBJECT_CONVERSION = YES_AGGRESSIVE;
				CLANG_CXX_LANGUAGE_STANDARD = "gnu++20";
				CLANG_ENABLE_MODULES = YES;
				CLANG_ENABLE_OBJC_ARC = YES;
				CLANG_ENABLE_OBJC_WEAK = YES;
				CLANG_WARN_BLOCK_CAPTURE_AUTORELEASING = YES;
				CLANG_WARN_BOOL_CONVERSION = YES;
				CLANG_WARN_COMMA = YES;
				CLANG_WARN_CONSTANT_CONVERSION = YES;
				CLANG_WARN_DEPRECATED_OBJC_IMPLEMENTATIONS = YES;
				CLANG_WARN_DIRECT_OBJC_ISA_USAGE = YES_ERROR;
				CLANG_WARN_DOCUMENTATION_COMMENTS = YES;
				CLANG_WARN_EMPTY_BODY = YES;
				CLANG_WARN_ENUM_CONVERSION = YES;
				CLANG_WARN_INFINITE_RECURSION = YES;
				CLANG_WARN_INT_CONVERSION = YES;
				CLANG_WARN_NON_LITERAL_NULL_CONVERSION = YES;
				CLANG_WARN_OBJC_IMPLICIT_RETAIN_SELF = YES;
				CLANG_WARN_OBJC_LITERAL_CONVERSION = YES;
				CLANG_WARN_OBJC_ROOT_CLASS = YES_ERROR;
				CLANG_WARN_QUOTED_INCLUDE_IN_FRAMEWORK_HEADER = YES;
				CLANG_WARN_RANGE_LOOP_ANALYSIS = YES;
				CLANG_WARN_STRICT_PROTOTYPES = YES;
				CLANG_WARN_SUSPICIOUS_MOVE = YES;
				CLANG_WARN_UNGUARDED_AVAILABILITY = YES_AGGRESSIVE;
				CLANG_WARN_UNREACHABLE_CODE = YES;
				CLANG_WARN__DUPLICATE_METHOD_MATCH = YES;
				COPY_PHASE_STRIP = NO;
				DEBUG_INFORMATION_FORMAT = "dwarf-with-dsym";
				ENABLE_NS_ASSERTIONS = NO;
				ENABLE_STRICT_OBJC_MSGSEND = YES;
				ENABLE_USER_SCRIPT_SANDBOXING = YES;
				GCC_C_LANGUAGE_STANDARD = gnu17;
				GCC_NO_COMMON_BLOCKS = YES;
				GCC_WARN_64_TO_32_BIT_CONVERSION = YES;
				GCC_WARN_ABOUT_RETURN_TYPE = YES_ERROR;
				GCC_WARN_UNDECLARED_SELECTOR = YES;
				GCC_WARN_UNINITIALIZED_AUTOS = YES_AGGRESSIVE;
				GCC_WARN_UNUSED_FUNCTION = YES;
				GCC_WARN_UNUSED_VARIABLE = YES;
				IPHONEOS_DEPLOYMENT_TARGET = 17.0;
				LOCALIZATION_PREFERS_STRING_CATALOGS = YES;
				MTL_ENABLE_DEBUG_INFO = NO;
				MTL_FAST_MATH = YES;
				SDKROOT = iphoneos;
				SWIFT_COMPILATION_MODE = wholemodule;
				VALIDATE_PRODUCT = YES;
			};
			name = Release;
		};
		020F1BEE2AE1FB3C00B73DA4 /* Debug */ = {
			isa = XCBuildConfiguration;
			buildSettings = {
				ASSETCATALOG_COMPILER_APPICON_NAME = AppIcon;
				ASSETCATALOG_COMPILER_GLOBAL_ACCENT_COLOR_NAME = AccentColor;
				CODE_SIGN_STYLE = Automatic;
				CURRENT_PROJECT_VERSION = 1;
				DEVELOPMENT_ASSET_PATHS = "\"Q/Preview Content\"";
				ENABLE_PREVIEWS = YES;
				GENERATE_INFOPLIST_FILE = YES;
				INFOPLIST_KEY_UIApplicationSceneManifest_Generation = YES;
				INFOPLIST_KEY_UIApplicationSupportsIndirectInputEvents = YES;
				INFOPLIST_KEY_UILaunchScreen_Generation = YES;
				INFOPLIST_KEY_UISupportedInterfaceOrientations_iPad = "UIInterfaceOrientationPortrait UIInterfaceOrientationPortraitUpsideDown UIInterfaceOrientationLandscapeLeft UIInterfaceOrientationLandscapeRight";
				INFOPLIST_KEY_UISupportedInterfaceOrientations_iPhone = "UIInterfaceOrientationPortrait UIInterfaceOrientationLandscapeLeft UIInterfaceOrientationLandscapeRight";
				LD_RUNPATH_SEARCH_PATHS = (
					"$(inherited)",
					"@executable_path/Frameworks",
				);
				MARKETING_VERSION = 1.0;
				PRODUCT_BUNDLE_IDENTIFIER = com.mac.kojotc.Q;
				PRODUCT_NAME = "$(TARGET_NAME)";
				SWIFT_EMIT_LOC_STRINGS = YES;
				SWIFT_VERSION = 5.0;
				TARGETED_DEVICE_FAMILY = "1,2";
			};
			name = Debug;
		};
		020F1BEF2AE1FB3C00B73DA4 /* Release */ = {
			isa = XCBuildConfiguration;
			buildSettings = {
				ASSETCATALOG_COMPILER_APPICON_NAME = AppIcon;
				ASSETCATALOG_COMPILER_GLOBAL_ACCENT_COLOR_NAME = AccentColor;
				CODE_SIGN_STYLE = Automatic;
				CURRENT_PROJECT_VERSION = 1;
				DEVELOPMENT_ASSET_PATHS = "\"Q/Preview Content\"";
				ENABLE_PREVIEWS = YES;
				GENERATE_INFOPLIST_FILE = YES;
				INFOPLIST_KEY_UIApplicationSceneManifest_Generation = YES;
				INFOPLIST_KEY_UIApplicationSupportsIndirectInputEvents = YES;
				INFOPLIST_KEY_UILaunchScreen_Generation = YES;
				INFOPLIST_KEY_UISupportedInterfaceOrientations_iPad = "UIInterfaceOrientationPortrait UIInterfaceOrientationPortraitUpsideDown UIInterfaceOrientationLandscapeLeft UIInterfaceOrientationLandscapeRight";
				INFOPLIST_KEY_UISupportedInterfaceOrientations_iPhone = "UIInterfaceOrientationPortrait UIInterfaceOrientationLandscapeLeft UIInterfaceOrientationLandscapeRight";
				LD_RUNPATH_SEARCH_PATHS = (
					"$(inherited)",
					"@executable_path/Frameworks",
				);
				MARKETING_VERSION = 1.0;
				PRODUCT_BUNDLE_IDENTIFIER = com.mac.kojotc.Q;
				PRODUCT_NAME = "$(TARGET_NAME)";
				SWIFT_EMIT_LOC_STRINGS = YES;
				SWIFT_VERSION = 5.0;
				TARGETED_DEVICE_FAMILY = "1,2";
			};
			name = Release;
		};
/* End XCBuildConfiguration section */

/* Begin XCConfigurationList section */
		020F1BDA2AE1FB3900B73DA4 /* Build configuration list for PBXProject "Q" */ = {
			isa = XCConfigurationList;
			buildConfigurations = (
				020F1BEB2AE1FB3C00B73DA4 /* Debug */,
				020F1BEC2AE1FB3C00B73DA4 /* Release */,
			);
			defaultConfigurationIsVisible = 0;
			defaultConfigurationName = Release;
		};
		020F1BED2AE1FB3C00B73DA4 /* Build configuration list for PBXNativeTarget "Q" */ = {
			isa = XCConfigurationList;
			buildConfigurations = (
				020F1BEE2AE1FB3C00B73DA4 /* Debug */,
				020F1BEF2AE1FB3C00B73DA4 /* Release */,
			);
			defaultConfigurationIsVisible = 0;
			defaultConfigurationName = Release;
		};
/* End XCConfigurationList section */

/* Begin XCRemoteSwiftPackageReference section */
		020F1C282AE1FD1500B73DA4 /* XCRemoteSwiftPackageReference "Kingfisher" */ = {
			isa = XCRemoteSwiftPackageReference;
			repositoryURL = "https://github.com/onevcat/Kingfisher.git";
			requirement = {
				kind = upToNextMajorVersion;
				minimumVersion = 7.9.1;
			};
		};
		025377852AE2BC6F003F8DDC /* XCRemoteSwiftPackageReference "firebase-ios-sdk" */ = {
			isa = XCRemoteSwiftPackageReference;
			repositoryURL = "https://github.com/firebase/firebase-ios-sdk";
			requirement = {
				kind = upToNextMajorVersion;
				minimumVersion = 10.16.0;
			};
		};
/* End XCRemoteSwiftPackageReference section */

/* Begin XCSwiftPackageProductDependency section */
		025377862AE2BC6F003F8DDC /* FirebaseAnalytics */ = {
			isa = XCSwiftPackageProductDependency;
			package = 025377852AE2BC6F003F8DDC /* XCRemoteSwiftPackageReference "firebase-ios-sdk" */;
			productName = FirebaseAnalytics;
		};
		025377882AE2BC6F003F8DDC /* FirebaseAnalyticsOnDeviceConversion */ = {
			isa = XCSwiftPackageProductDependency;
			package = 025377852AE2BC6F003F8DDC /* XCRemoteSwiftPackageReference "firebase-ios-sdk" */;
			productName = FirebaseAnalyticsOnDeviceConversion;
		};
		0253778A2AE2BC6F003F8DDC /* FirebaseAnalyticsSwift */ = {
			isa = XCSwiftPackageProductDependency;
			package = 025377852AE2BC6F003F8DDC /* XCRemoteSwiftPackageReference "firebase-ios-sdk" */;
			productName = FirebaseAnalyticsSwift;
		};
		0253778C2AE2BC6F003F8DDC /* FirebaseAnalyticsWithoutAdIdSupport */ = {
			isa = XCSwiftPackageProductDependency;
			package = 025377852AE2BC6F003F8DDC /* XCRemoteSwiftPackageReference "firebase-ios-sdk" */;
			productName = FirebaseAnalyticsWithoutAdIdSupport;
		};
		0253778E2AE2BC6F003F8DDC /* FirebaseAppCheck */ = {
			isa = XCSwiftPackageProductDependency;
			package = 025377852AE2BC6F003F8DDC /* XCRemoteSwiftPackageReference "firebase-ios-sdk" */;
			productName = FirebaseAppCheck;
		};
		025377902AE2BC6F003F8DDC /* FirebaseAppDistribution-Beta */ = {
			isa = XCSwiftPackageProductDependency;
			package = 025377852AE2BC6F003F8DDC /* XCRemoteSwiftPackageReference "firebase-ios-sdk" */;
			productName = "FirebaseAppDistribution-Beta";
		};
		025377922AE2BC6F003F8DDC /* FirebaseAuth */ = {
			isa = XCSwiftPackageProductDependency;
			package = 025377852AE2BC6F003F8DDC /* XCRemoteSwiftPackageReference "firebase-ios-sdk" */;
			productName = FirebaseAuth;
		};
		025377942AE2BC6F003F8DDC /* FirebaseAuthCombine-Community */ = {
			isa = XCSwiftPackageProductDependency;
			package = 025377852AE2BC6F003F8DDC /* XCRemoteSwiftPackageReference "firebase-ios-sdk" */;
			productName = "FirebaseAuthCombine-Community";
		};
		025377962AE2BC6F003F8DDC /* FirebaseCrashlytics */ = {
			isa = XCSwiftPackageProductDependency;
			package = 025377852AE2BC6F003F8DDC /* XCRemoteSwiftPackageReference "firebase-ios-sdk" */;
			productName = FirebaseCrashlytics;
		};
		025377982AE2BC6F003F8DDC /* FirebaseDatabase */ = {
			isa = XCSwiftPackageProductDependency;
			package = 025377852AE2BC6F003F8DDC /* XCRemoteSwiftPackageReference "firebase-ios-sdk" */;
			productName = FirebaseDatabase;
		};
		0253779A2AE2BC6F003F8DDC /* FirebaseDatabaseSwift */ = {
			isa = XCSwiftPackageProductDependency;
			package = 025377852AE2BC6F003F8DDC /* XCRemoteSwiftPackageReference "firebase-ios-sdk" */;
			productName = FirebaseDatabaseSwift;
		};
		0253779C2AE2BC6F003F8DDC /* FirebaseDynamicLinks */ = {
			isa = XCSwiftPackageProductDependency;
			package = 025377852AE2BC6F003F8DDC /* XCRemoteSwiftPackageReference "firebase-ios-sdk" */;
			productName = FirebaseDynamicLinks;
		};
		0253779E2AE2BC6F003F8DDC /* FirebaseFirestore */ = {
			isa = XCSwiftPackageProductDependency;
			package = 025377852AE2BC6F003F8DDC /* XCRemoteSwiftPackageReference "firebase-ios-sdk" */;
			productName = FirebaseFirestore;
		};
		025377A02AE2BC6F003F8DDC /* FirebaseFirestoreCombine-Community */ = {
			isa = XCSwiftPackageProductDependency;
			package = 025377852AE2BC6F003F8DDC /* XCRemoteSwiftPackageReference "firebase-ios-sdk" */;
			productName = "FirebaseFirestoreCombine-Community";
		};
		025377A22AE2BC6F003F8DDC /* FirebaseFirestoreSwift */ = {
			isa = XCSwiftPackageProductDependency;
			package = 025377852AE2BC6F003F8DDC /* XCRemoteSwiftPackageReference "firebase-ios-sdk" */;
			productName = FirebaseFirestoreSwift;
		};
		025377A42AE2BC6F003F8DDC /* FirebaseFunctions */ = {
			isa = XCSwiftPackageProductDependency;
			package = 025377852AE2BC6F003F8DDC /* XCRemoteSwiftPackageReference "firebase-ios-sdk" */;
			productName = FirebaseFunctions;
		};
		025377A62AE2BC6F003F8DDC /* FirebaseFunctionsCombine-Community */ = {
			isa = XCSwiftPackageProductDependency;
			package = 025377852AE2BC6F003F8DDC /* XCRemoteSwiftPackageReference "firebase-ios-sdk" */;
			productName = "FirebaseFunctionsCombine-Community";
		};
		025377A82AE2BC6F003F8DDC /* FirebaseInAppMessaging-Beta */ = {
			isa = XCSwiftPackageProductDependency;
			package = 025377852AE2BC6F003F8DDC /* XCRemoteSwiftPackageReference "firebase-ios-sdk" */;
			productName = "FirebaseInAppMessaging-Beta";
		};
		025377AA2AE2BC6F003F8DDC /* FirebaseInAppMessagingSwift-Beta */ = {
			isa = XCSwiftPackageProductDependency;
			package = 025377852AE2BC6F003F8DDC /* XCRemoteSwiftPackageReference "firebase-ios-sdk" */;
			productName = "FirebaseInAppMessagingSwift-Beta";
		};
		025377AC2AE2BC6F003F8DDC /* FirebaseInstallations */ = {
			isa = XCSwiftPackageProductDependency;
			package = 025377852AE2BC6F003F8DDC /* XCRemoteSwiftPackageReference "firebase-ios-sdk" */;
			productName = FirebaseInstallations;
		};
		025377AE2AE2BC6F003F8DDC /* FirebaseMLModelDownloader */ = {
			isa = XCSwiftPackageProductDependency;
			package = 025377852AE2BC6F003F8DDC /* XCRemoteSwiftPackageReference "firebase-ios-sdk" */;
			productName = FirebaseMLModelDownloader;
		};
		025377B02AE2BC6F003F8DDC /* FirebaseMessaging */ = {
			isa = XCSwiftPackageProductDependency;
			package = 025377852AE2BC6F003F8DDC /* XCRemoteSwiftPackageReference "firebase-ios-sdk" */;
			productName = FirebaseMessaging;
		};
		025377B22AE2BC6F003F8DDC /* FirebasePerformance */ = {
			isa = XCSwiftPackageProductDependency;
			package = 025377852AE2BC6F003F8DDC /* XCRemoteSwiftPackageReference "firebase-ios-sdk" */;
			productName = FirebasePerformance;
		};
		025377B42AE2BC6F003F8DDC /* FirebaseRemoteConfig */ = {
			isa = XCSwiftPackageProductDependency;
			package = 025377852AE2BC6F003F8DDC /* XCRemoteSwiftPackageReference "firebase-ios-sdk" */;
			productName = FirebaseRemoteConfig;
		};
		025377B62AE2BC6F003F8DDC /* FirebaseRemoteConfigSwift */ = {
			isa = XCSwiftPackageProductDependency;
			package = 025377852AE2BC6F003F8DDC /* XCRemoteSwiftPackageReference "firebase-ios-sdk" */;
			productName = FirebaseRemoteConfigSwift;
		};
		025377B82AE2BC6F003F8DDC /* FirebaseStorage */ = {
			isa = XCSwiftPackageProductDependency;
			package = 025377852AE2BC6F003F8DDC /* XCRemoteSwiftPackageReference "firebase-ios-sdk" */;
			productName = FirebaseStorage;
		};
		025377BA2AE2BC6F003F8DDC /* FirebaseStorageCombine-Community */ = {
			isa = XCSwiftPackageProductDependency;
			package = 025377852AE2BC6F003F8DDC /* XCRemoteSwiftPackageReference "firebase-ios-sdk" */;
			productName = "FirebaseStorageCombine-Community";
		};
/* End XCSwiftPackageProductDependency section */
	};
	rootObject = 020F1BD72AE1FB3900B73DA4 /* Project object */;
}
